
Microsoft Visual Studio Solution File, Format Version 12.00
# Visual Studio Version 17
VisualStudioVersion = 17.11.35312.102
MinimumVisualStudioVersion = 10.0.40219.1
Project("{FAE04EC0-301F-11D3-BF4B-00C04F79EFBC}") = "ActionResult_dynamic", "ActionResult_dynamic.csproj", "{2BF38DCF-2B9C-4ED9-8032-09FE72EDFE31}"
EndProject
Global
	GlobalSection(SolutionConfigurationPlatforms) = preSolution
		Debug|Any CPU = Debug|Any CPU
		Release|Any CPU = Release|Any CPU
	EndGlobalSection
	GlobalSection(ProjectConfigurationPlatforms) = postSolution
		{2BF38DCF-2B9C-4ED9-8032-09FE72EDFE31}.Debug|Any CPU.ActiveCfg = Debug|Any CPU
		{2BF38DCF-2B9C-4ED9-8032-09FE72EDFE31}.Debug|Any CPU.Build.0 = Debug|Any CPU
		{2BF38DCF-2B9C-4ED9-8032-09FE72EDFE31}.Release|Any CPU.ActiveCfg = Release|Any CPU
		{2BF38DCF-2B9C-4ED9-8032-09FE72EDFE31}.Release|Any CPU.Build.0 = Release|Any CPU
	EndGlobalSection
	GlobalSection(SolutionProperties) = preSolution
		HideSolutionNode = FALSE
	EndGlobalSection
	GlobalSection(ExtensibilityGlobals) = postSolution
		SolutionGuid = {A09044CF-3CB4-4A64-8206-BB715E69FDEB}
	EndGlobalSection
EndGlobal
